
Microsoft Visual Studio Solution File, Format Version 12.00
# Visual Studio Version 16
VisualStudioVersion = 16.0.29709.97
MinimumVisualStudioVersion = 10.0.40219.1
Project("{FAE04EC0-301F-11D3-BF4B-00C04F79EFBC}") = "webapp", "webapp.csproj", "{1FF3D466-27B1-48B9-8FED-460874FD013B}"
EndProject
Global
	GlobalSection(SolutionConfigurationPlatforms) = preSolution
		Debug|Any CPU = Debug|Any CPU
		Release|Any CPU = Release|Any CPU
	EndGlobalSection
	GlobalSection(ProjectConfigurationPlatforms) = postSolution
		{1FF3D466-27B1-48B9-8FED-460874FD013B}.Debug|Any CPU.ActiveCfg = Debug|Any CPU
		{1FF3D466-27B1-48B9-8FED-460874FD013B}.Debug|Any CPU.Build.0 = Debug|Any CPU
		{1FF3D466-27B1-48B9-8FED-460874FD013B}.Release|Any CPU.ActiveCfg = Release|Any CPU
		{1FF3D466-27B1-48B9-8FED-460874FD013B}.Release|Any CPU.Build.0 = Release|Any CPU
	EndGlobalSection
	GlobalSection(SolutionProperties) = preSolution
		HideSolutionNode = FALSE
	EndGlobalSection
	GlobalSection(ExtensibilityGlobals) = postSolution
		SolutionGuid = {03D4C141-601F-44E6-83AF-610FD189DF96}
	EndGlobalSection
EndGlobal
